
Microsoft Visual Studio Solution File, Format Version 12.00
# Visual Studio Version 17
VisualStudioVersion = 17.2.32616.157
MinimumVisualStudioVersion = 10.0.40219.1
Project("{54A90642-561A-4BB1-A94E-469ADEE60C69}") = "react-frontend", "react-frontend\react-frontend.esproj", "{E2E133DF-17E2-45C6-8A5A-B717602A50DB}"
EndProject
Project("{FAE04EC0-301F-11D3-BF4B-00C04F79EFBC}") = "ASPNET-Backend", "ASPNET-Backend\ASPNET-Backend.csproj", "{7A96B1B2-D08A-4721-9641-778037B8D40D}"
EndProject
Global
	GlobalSection(SolutionConfigurationPlatforms) = preSolution
		Debug|Any CPU = Debug|Any CPU
		Release|Any CPU = Release|Any CPU
	EndGlobalSection
	GlobalSection(ProjectConfigurationPlatforms) = postSolution
		{E2E133DF-17E2-45C6-8A5A-B717602A50DB}.Debug|Any CPU.ActiveCfg = Debug|Any CPU
		{E2E133DF-17E2-45C6-8A5A-B717602A50DB}.Debug|Any CPU.Build.0 = Debug|Any CPU
		{E2E133DF-17E2-45C6-8A5A-B717602A50DB}.Debug|Any CPU.Deploy.0 = Debug|Any CPU
		{E2E133DF-17E2-45C6-8A5A-B717602A50DB}.Release|Any CPU.ActiveCfg = Release|Any CPU
		{E2E133DF-17E2-45C6-8A5A-B717602A50DB}.Release|Any CPU.Build.0 = Release|Any CPU
		{E2E133DF-17E2-45C6-8A5A-B717602A50DB}.Release|Any CPU.Deploy.0 = Release|Any CPU
		{7A96B1B2-D08A-4721-9641-778037B8D40D}.Debug|Any CPU.ActiveCfg = Debug|Any CPU
		{7A96B1B2-D08A-4721-9641-778037B8D40D}.Debug|Any CPU.Build.0 = Debug|Any CPU
		{7A96B1B2-D08A-4721-9641-778037B8D40D}.Release|Any CPU.ActiveCfg = Release|Any CPU
		{7A96B1B2-D08A-4721-9641-778037B8D40D}.Release|Any CPU.Build.0 = Release|Any CPU
	EndGlobalSection
	GlobalSection(SolutionProperties) = preSolution
		HideSolutionNode = FALSE
	EndGlobalSection
	GlobalSection(ExtensibilityGlobals) = postSolution
		SolutionGuid = {786CF42E-1905-4229-9D31-8D181E05C957}
	EndGlobalSection
EndGlobal
